
Microsoft Visual Studio Solution File, Format Version 12.00
# Visual Studio Version 16
VisualStudioVersion = 16.0.31321.278
MinimumVisualStudioVersion = 10.0.40219.1
Project("{9A19103F-16F7-4668-BE54-9A1E7A4F7556}") = "Blogapp.Web", "Blogapp.Web\Blogapp.Web.csproj", "{A94D80EC-0968-4225-851A-E96EA24F1C60}"
EndProject
Project("{9A19103F-16F7-4668-BE54-9A1E7A4F7556}") = "Blogapp.Api", "Blogapp.Api\Blogapp.Api.csproj", "{7AB105DE-3788-45EE-B782-819ADC9EC035}"
EndProject
Project("{9A19103F-16F7-4668-BE54-9A1E7A4F7556}") = "Blogapp.IoC", "Blogapp.DependencyInjection\Blogapp.IoC.csproj", "{1F833918-EA16-4E29-A12D-74109B26C896}"
EndProject
Project("{9A19103F-16F7-4668-BE54-9A1E7A4F7556}") = "Blogapp.Domain.Services", "Blogapp.Domain.Business\Blogapp.Domain.Services.csproj", "{A52CEAFC-5AD7-4A9D-BC79-4FEDDA7D6DDE}"
EndProject
Project("{9A19103F-16F7-4668-BE54-9A1E7A4F7556}") = "Blogapp.Domain.Entities", "Blogapp.Domain.Entities\Blogapp.Domain.Entities.csproj", "{2739EDF6-786D-4FAC-A669-D225FA78C492}"
EndProject
Project("{9A19103F-16F7-4668-BE54-9A1E7A4F7556}") = "Blogapp.Domain.IServices", "Blogapp.Domain.IServices\Blogapp.Domain.IServices.csproj", "{C4A92467-01F9-4DAB-BCC3-4932D020F5D9}"
EndProject
Project("{9A19103F-16F7-4668-BE54-9A1E7A4F7556}") = "Blogapp.Domain.Repositories", "Blogapp.Domain.Repositories\Blogapp.Domain.Repositories.csproj", "{6A403A5E-529C-4B89-910C-85BBBE120123}"
EndProject
Project("{9A19103F-16F7-4668-BE54-9A1E7A4F7556}") = "Blogapp.Domain.IRepositories", "Blogapp.Domain.Repositories.Contract\Blogapp.Domain.IRepositories.csproj", "{32BE7BDB-CBD0-477A-87FA-9809272C0DF5}"
EndProject
Global
	GlobalSection(SolutionConfigurationPlatforms) = preSolution
		Debug|Any CPU = Debug|Any CPU
		Release|Any CPU = Release|Any CPU
	EndGlobalSection
	GlobalSection(ProjectConfigurationPlatforms) = postSolution
		{A94D80EC-0968-4225-851A-E96EA24F1C60}.Debug|Any CPU.ActiveCfg = Debug|Any CPU
		{A94D80EC-0968-4225-851A-E96EA24F1C60}.Debug|Any CPU.Build.0 = Debug|Any CPU
		{A94D80EC-0968-4225-851A-E96EA24F1C60}.Release|Any CPU.ActiveCfg = Release|Any CPU
		{A94D80EC-0968-4225-851A-E96EA24F1C60}.Release|Any CPU.Build.0 = Release|Any CPU
		{7AB105DE-3788-45EE-B782-819ADC9EC035}.Debug|Any CPU.ActiveCfg = Debug|Any CPU
		{7AB105DE-3788-45EE-B782-819ADC9EC035}.Debug|Any CPU.Build.0 = Debug|Any CPU
		{7AB105DE-3788-45EE-B782-819ADC9EC035}.Release|Any CPU.ActiveCfg = Release|Any CPU
		{7AB105DE-3788-45EE-B782-819ADC9EC035}.Release|Any CPU.Build.0 = Release|Any CPU
		{1F833918-EA16-4E29-A12D-74109B26C896}.Debug|Any CPU.ActiveCfg = Debug|Any CPU
		{1F833918-EA16-4E29-A12D-74109B26C896}.Debug|Any CPU.Build.0 = Debug|Any CPU
		{1F833918-EA16-4E29-A12D-74109B26C896}.Release|Any CPU.ActiveCfg = Release|Any CPU
		{1F833918-EA16-4E29-A12D-74109B26C896}.Release|Any CPU.Build.0 = Release|Any CPU
		{A52CEAFC-5AD7-4A9D-BC79-4FEDDA7D6DDE}.Debug|Any CPU.ActiveCfg = Debug|Any CPU
		{A52CEAFC-5AD7-4A9D-BC79-4FEDDA7D6DDE}.Debug|Any CPU.Build.0 = Debug|Any CPU
		{A52CEAFC-5AD7-4A9D-BC79-4FEDDA7D6DDE}.Release|Any CPU.ActiveCfg = Release|Any CPU
		{A52CEAFC-5AD7-4A9D-BC79-4FEDDA7D6DDE}.Release|Any CPU.Build.0 = Release|Any CPU
		{2739EDF6-786D-4FAC-A669-D225FA78C492}.Debug|Any CPU.ActiveCfg = Debug|Any CPU
		{2739EDF6-786D-4FAC-A669-D225FA78C492}.Debug|Any CPU.Build.0 = Debug|Any CPU
		{2739EDF6-786D-4FAC-A669-D225FA78C492}.Release|Any CPU.ActiveCfg = Release|Any CPU
		{2739EDF6-786D-4FAC-A669-D225FA78C492}.Release|Any CPU.Build.0 = Release|Any CPU
		{C4A92467-01F9-4DAB-BCC3-4932D020F5D9}.Debug|Any CPU.ActiveCfg = Debug|Any CPU
		{C4A92467-01F9-4DAB-BCC3-4932D020F5D9}.Debug|Any CPU.Build.0 = Debug|Any CPU
		{C4A92467-01F9-4DAB-BCC3-4932D020F5D9}.Release|Any CPU.ActiveCfg = Release|Any CPU
		{C4A92467-01F9-4DAB-BCC3-4932D020F5D9}.Release|Any CPU.Build.0 = Release|Any CPU
		{6A403A5E-529C-4B89-910C-85BBBE120123}.Debug|Any CPU.ActiveCfg = Debug|Any CPU
		{6A403A5E-529C-4B89-910C-85BBBE120123}.Debug|Any CPU.Build.0 = Debug|Any CPU
		{6A403A5E-529C-4B89-910C-85BBBE120123}.Release|Any CPU.ActiveCfg = Release|Any CPU
		{6A403A5E-529C-4B89-910C-85BBBE120123}.Release|Any CPU.Build.0 = Release|Any CPU
		{32BE7BDB-CBD0-477A-87FA-9809272C0DF5}.Debug|Any CPU.ActiveCfg = Debug|Any CPU
		{32BE7BDB-CBD0-477A-87FA-9809272C0DF5}.Debug|Any CPU.Build.0 = Debug|Any CPU
		{32BE7BDB-CBD0-477A-87FA-9809272C0DF5}.Release|Any CPU.ActiveCfg = Release|Any CPU
		{32BE7BDB-CBD0-477A-87FA-9809272C0DF5}.Release|Any CPU.Build.0 = Release|Any CPU
	EndGlobalSection
	GlobalSection(SolutionProperties) = preSolution
		HideSolutionNode = FALSE
	EndGlobalSection
	GlobalSection(ExtensibilityGlobals) = postSolution
		SolutionGuid = {773A6D51-589F-4D35-9768-A08CD35804C9}
	EndGlobalSection
EndGlobal
